
Microsoft Visual Studio Solution File, Format Version 12.00
# Visual Studio Version 16
VisualStudioVersion = 16.0.30114.105
MinimumVisualStudioVersion = 10.0.40219.1
Project("{9A19103F-16F7-4668-BE54-9A1E7A4F7556}") = "HomeSecurityServer", "HomeSecurityServer\HomeSecurityServer.csproj", "{ADF5DD5E-C4E9-4D6F-AFAF-866C48866B13}"
EndProject
Project("{9A19103F-16F7-4668-BE54-9A1E7A4F7556}") = "HomeSecurityCam", "HomeSecurityCam\HomeSecurityCam.csproj", "{5D44E030-FADB-4ABF-8D5B-73D74E179FCB}"
EndProject
Global
	GlobalSection(SolutionConfigurationPlatforms) = preSolution
		Debug|Any CPU = Debug|Any CPU
		Release|Any CPU = Release|Any CPU
	EndGlobalSection
	GlobalSection(ProjectConfigurationPlatforms) = postSolution
		{ADF5DD5E-C4E9-4D6F-AFAF-866C48866B13}.Debug|Any CPU.ActiveCfg = Debug|Any CPU
		{ADF5DD5E-C4E9-4D6F-AFAF-866C48866B13}.Debug|Any CPU.Build.0 = Debug|Any CPU
		{ADF5DD5E-C4E9-4D6F-AFAF-866C48866B13}.Release|Any CPU.ActiveCfg = Release|Any CPU
		{ADF5DD5E-C4E9-4D6F-AFAF-866C48866B13}.Release|Any CPU.Build.0 = Release|Any CPU
		{5D44E030-FADB-4ABF-8D5B-73D74E179FCB}.Debug|Any CPU.ActiveCfg = Debug|Any CPU
		{5D44E030-FADB-4ABF-8D5B-73D74E179FCB}.Debug|Any CPU.Build.0 = Debug|Any CPU
		{5D44E030-FADB-4ABF-8D5B-73D74E179FCB}.Release|Any CPU.ActiveCfg = Release|Any CPU
		{5D44E030-FADB-4ABF-8D5B-73D74E179FCB}.Release|Any CPU.Build.0 = Release|Any CPU
	EndGlobalSection
	GlobalSection(SolutionProperties) = preSolution
		HideSolutionNode = FALSE
	EndGlobalSection
	GlobalSection(ExtensibilityGlobals) = postSolution
		SolutionGuid = {4078330D-0ABD-43B7-BC90-D2ED8AD011F8}
	EndGlobalSection
EndGlobal
